
Microsoft Visual Studio Solution File, Format Version 12.00
# Visual Studio 2013
VisualStudioVersion = 12.0.21005.1
MinimumVisualStudioVersion = 10.0.40219.1
Project("{FAE04EC0-301F-11D3-BF4B-00C04F79EFBC}") = "StaffWeb", "StaffWeb\StaffWeb.csproj", "{DD5E3D8E-FA90-4F59-A4A8-804E938846BE}"
EndProject
Project("{FAE04EC0-301F-11D3-BF4B-00C04F79EFBC}") = "DataAccess", "DataAccess\DataAccess.csproj", "{7D515F02-A040-4AEF-9BEF-B17187D19BDD}"
EndProject
Global
	GlobalSection(SolutionConfigurationPlatforms) = preSolution
		Debug|Any CPU = Debug|Any CPU
		Release|Any CPU = Release|Any CPU
	EndGlobalSection
	GlobalSection(ProjectConfigurationPlatforms) = postSolution
		{DD5E3D8E-FA90-4F59-A4A8-804E938846BE}.Debug|Any CPU.ActiveCfg = Debug|Any CPU
		{DD5E3D8E-FA90-4F59-A4A8-804E938846BE}.Debug|Any CPU.Build.0 = Debug|Any CPU
		{DD5E3D8E-FA90-4F59-A4A8-804E938846BE}.Release|Any CPU.ActiveCfg = Release|Any CPU
		{DD5E3D8E-FA90-4F59-A4A8-804E938846BE}.Release|Any CPU.Build.0 = Release|Any CPU
		{7D515F02-A040-4AEF-9BEF-B17187D19BDD}.Debug|Any CPU.ActiveCfg = Debug|Any CPU
		{7D515F02-A040-4AEF-9BEF-B17187D19BDD}.Debug|Any CPU.Build.0 = Debug|Any CPU
		{7D515F02-A040-4AEF-9BEF-B17187D19BDD}.Release|Any CPU.ActiveCfg = Release|Any CPU
		{7D515F02-A040-4AEF-9BEF-B17187D19BDD}.Release|Any CPU.Build.0 = Release|Any CPU
	EndGlobalSection
	GlobalSection(SolutionProperties) = preSolution
		HideSolutionNode = FALSE
	EndGlobalSection
EndGlobal
